
Microsoft Visual Studio Solution File, Format Version 12.00
# Visual Studio Version 17
VisualStudioVersion = 17.4.33110.190
MinimumVisualStudioVersion = 10.0.40219.1
Project("{9A19103F-16F7-4668-BE54-9A1E7A4F7556}") = "Lifecycle Rebalance Revisited", "Lifecycle Rebalance Revisited.csproj", "{5B19095A-0B08-4D47-A274-A59A1F1B6EB6}"
EndProject
Global
	GlobalSection(SolutionConfigurationPlatforms) = preSolution
		Debug|Any CPU = Debug|Any CPU
		Release|Any CPU = Release|Any CPU
	EndGlobalSection
	GlobalSection(ProjectConfigurationPlatforms) = postSolution
		{5B19095A-0B08-4D47-A274-A59A1F1B6EB6}.Debug|Any CPU.ActiveCfg = Debug|Any CPU
		{5B19095A-0B08-4D47-A274-A59A1F1B6EB6}.Debug|Any CPU.Build.0 = Debug|Any CPU
		{5B19095A-0B08-4D47-A274-A59A1F1B6EB6}.Release|Any CPU.ActiveCfg = Release|Any CPU
		{5B19095A-0B08-4D47-A274-A59A1F1B6EB6}.Release|Any CPU.Build.0 = Release|Any CPU
	EndGlobalSection
	GlobalSection(SolutionProperties) = preSolution
		HideSolutionNode = FALSE
	EndGlobalSection
	GlobalSection(ExtensibilityGlobals) = postSolution
		SolutionGuid = {8692BD5F-B6C8-4432-8102-8924FE2392C0}
	EndGlobalSection
	GlobalSection(SharedMSBuildProjectFiles) = preSolution
		..\AlgernonCommons\AlgernonCommonsPatchingShared.projitems*{5b19095a-0b08-4d47-a274-a59a1f1b6eb6}*SharedItemsImports = 5
	EndGlobalSection
EndGlobal
